
Microsoft Visual Studio Solution File, Format Version 12.00
# Visual Studio Version 17
VisualStudioVersion = 17.1.32228.430
MinimumVisualStudioVersion = 10.0.40219.1
Project("{FAE04EC0-301F-11D3-BF4B-00C04F79EFBC}") = "PhishingDetector", "PhishingDetector\PhishingDetector.csproj", "{87B1A3B1-C861-4BA2-B411-30673E78B408}"
EndProject
Global
	GlobalSection(SolutionConfigurationPlatforms) = preSolution
		Debug|Any CPU = Debug|Any CPU
		Release|Any CPU = Release|Any CPU
	EndGlobalSection
	GlobalSection(ProjectConfigurationPlatforms) = postSolution
		{87B1A3B1-C861-4BA2-B411-30673E78B408}.Debug|Any CPU.ActiveCfg = Debug|Any CPU
		{87B1A3B1-C861-4BA2-B411-30673E78B408}.Debug|Any CPU.Build.0 = Debug|Any CPU
		{87B1A3B1-C861-4BA2-B411-30673E78B408}.Release|Any CPU.ActiveCfg = Release|Any CPU
		{87B1A3B1-C861-4BA2-B411-30673E78B408}.Release|Any CPU.Build.0 = Release|Any CPU
	EndGlobalSection
	GlobalSection(SolutionProperties) = preSolution
		HideSolutionNode = FALSE
	EndGlobalSection
	GlobalSection(ExtensibilityGlobals) = postSolution
		SolutionGuid = {1F3ACD28-04EA-4BC1-A501-AF47E7010A27}
	EndGlobalSection
EndGlobal
